Microsoft Visual Studio Solution File, Format Version 12.00
# Visual Studio 15
VisualStudioVersion = 15.0.28307.852
MinimumVisualStudioVersion = 10.0.40219.1
Project("{8BC9CEB8-8B4A-11D0-8D11-00A0C91BC942}") = "BnB", "BnB.vcxproj", "{96B89EE5-2FD1-4E78-A963-3B9C464D43F6}"
EndProject
Global
	GlobalSection(SolutionConfigurationPlatforms) = preSolution
		Debug|Win32 = Debug|Win32
		Release|Win32 = Release|Win32
	EndGlobalSection
	GlobalSection(ProjectConfigurationPlatforms) = postSolution
		{96B89EE5-2FD1-4E78-A963-3B9C464D43F6}.Debug|Win32.ActiveCfg = Debug|Win32
		{96B89EE5-2FD1-4E78-A963-3B9C464D43F6}.Debug|Win32.Build.0 = Debug|Win32
		{96B89EE5-2FD1-4E78-A963-3B9C464D43F6}.Release|Win32.ActiveCfg = Release|Win32
		{96B89EE5-2FD1-4E78-A963-3B9C464D43F6}.Release|Win32.Build.0 = Release|Win32
	EndGlobalSection
	GlobalSection(SolutionProperties) = preSolution
		HideSolutionNode = FALSE
	EndGlobalSection
	GlobalSection(ExtensibilityGlobals) = postSolution
		SolutionGuid = {7F510327-95DE-483A-8F5D-0691307975D1}
	EndGlobalSection
EndGlobal
